
Microsoft Visual Studio Solution File, Format Version 12.00
# Visual Studio 2012
Project("{FAE04EC0-301F-11D3-BF4B-00C04F79EFBC}") = "Xamarin.Forms.Samples.Csharp", "Xamarin.Forms.Samples.Csharp\Xamarin.Forms.Samples.Csharp.csproj", "{A7441979-0186-4C1C-AE63-0BE16AE839F5}"
EndProject
Project("{FAE04EC0-301F-11D3-BF4B-00C04F79EFBC}") = "Xamarin.Forms.Samples.Csharp.iOS", "iOS\Xamarin.Forms.Samples.Csharp.iOS.csproj", "{BFEE8D0B-EA3D-44C3-8D28-AA91830BF19F}"
EndProject
Project("{FAE04EC0-301F-11D3-BF4B-00C04F79EFBC}") = "Xamarin.Forms.Samples.Csharp.Droid", "Droid\Xamarin.Forms.Samples.Csharp.Droid.csproj", "{90538762-8218-4610-84AA-27273EA418F9}"
EndProject
Global
	GlobalSection(SolutionConfigurationPlatforms) = preSolution
		Debug|Any CPU = Debug|Any CPU
		Release|Any CPU = Release|Any CPU
		Debug|iPhoneSimulator = Debug|iPhoneSimulator
		Release|iPhone = Release|iPhone
		Release|iPhoneSimulator = Release|iPhoneSimulator
		Debug|iPhone = Debug|iPhone
	EndGlobalSection
	GlobalSection(ProjectConfigurationPlatforms) = postSolution
		{A7441979-0186-4C1C-AE63-0BE16AE839F5}.Debug|Any CPU.ActiveCfg = Debug|Any CPU
		{A7441979-0186-4C1C-AE63-0BE16AE839F5}.Debug|Any CPU.Build.0 = Debug|Any CPU
		{A7441979-0186-4C1C-AE63-0BE16AE839F5}.Release|Any CPU.ActiveCfg = Release|Any CPU
		{A7441979-0186-4C1C-AE63-0BE16AE839F5}.Release|Any CPU.Build.0 = Release|Any CPU
		{A7441979-0186-4C1C-AE63-0BE16AE839F5}.Debug|iPhoneSimulator.ActiveCfg = Debug|Any CPU
		{A7441979-0186-4C1C-AE63-0BE16AE839F5}.Debug|iPhoneSimulator.Build.0 = Debug|Any CPU
		{A7441979-0186-4C1C-AE63-0BE16AE839F5}.Release|iPhone.ActiveCfg = Release|Any CPU
		{A7441979-0186-4C1C-AE63-0BE16AE839F5}.Release|iPhone.Build.0 = Release|Any CPU
		{A7441979-0186-4C1C-AE63-0BE16AE839F5}.Release|iPhoneSimulator.ActiveCfg = Release|Any CPU
		{A7441979-0186-4C1C-AE63-0BE16AE839F5}.Release|iPhoneSimulator.Build.0 = Release|Any CPU
		{A7441979-0186-4C1C-AE63-0BE16AE839F5}.Debug|iPhone.ActiveCfg = Debug|Any CPU
		{A7441979-0186-4C1C-AE63-0BE16AE839F5}.Debug|iPhone.Build.0 = Debug|Any CPU
		{BFEE8D0B-EA3D-44C3-8D28-AA91830BF19F}.Debug|Any CPU.ActiveCfg = Debug|iPhoneSimulator
		{BFEE8D0B-EA3D-44C3-8D28-AA91830BF19F}.Debug|Any CPU.Build.0 = Debug|iPhoneSimulator
		{BFEE8D0B-EA3D-44C3-8D28-AA91830BF19F}.Release|Any CPU.ActiveCfg = Release|iPhone
		{BFEE8D0B-EA3D-44C3-8D28-AA91830BF19F}.Release|Any CPU.Build.0 = Release|iPhone
		{BFEE8D0B-EA3D-44C3-8D28-AA91830BF19F}.Debug|iPhoneSimulator.ActiveCfg = Debug|iPhoneSimulator
		{BFEE8D0B-EA3D-44C3-8D28-AA91830BF19F}.Debug|iPhoneSimulator.Build.0 = Debug|iPhoneSimulator
		{BFEE8D0B-EA3D-44C3-8D28-AA91830BF19F}.Release|iPhone.ActiveCfg = Release|iPhone
		{BFEE8D0B-EA3D-44C3-8D28-AA91830BF19F}.Release|iPhone.Build.0 = Release|iPhone
		{BFEE8D0B-EA3D-44C3-8D28-AA91830BF19F}.Release|iPhoneSimulator.ActiveCfg = Release|iPhoneSimulator
		{BFEE8D0B-EA3D-44C3-8D28-AA91830BF19F}.Release|iPhoneSimulator.Build.0 = Release|iPhoneSimulator
		{BFEE8D0B-EA3D-44C3-8D28-AA91830BF19F}.Debug|iPhone.ActiveCfg = Debug|iPhone
		{BFEE8D0B-EA3D-44C3-8D28-AA91830BF19F}.Debug|iPhone.Build.0 = Debug|iPhone
		{90538762-8218-4610-84AA-27273EA418F9}.Debug|Any CPU.ActiveCfg = Debug|Any CPU
		{90538762-8218-4610-84AA-27273EA418F9}.Debug|Any CPU.Build.0 = Debug|Any CPU
		{90538762-8218-4610-84AA-27273EA418F9}.Release|Any CPU.ActiveCfg = Release|Any CPU
		{90538762-8218-4610-84AA-27273EA418F9}.Release|Any CPU.Build.0 = Release|Any CPU
		{90538762-8218-4610-84AA-27273EA418F9}.Debug|iPhoneSimulator.ActiveCfg = Debug|Any CPU
		{90538762-8218-4610-84AA-27273EA418F9}.Debug|iPhoneSimulator.Build.0 = Debug|Any CPU
		{90538762-8218-4610-84AA-27273EA418F9}.Release|iPhone.ActiveCfg = Release|Any CPU
		{90538762-8218-4610-84AA-27273EA418F9}.Release|iPhone.Build.0 = Release|Any CPU
		{90538762-8218-4610-84AA-27273EA418F9}.Release|iPhoneSimulator.ActiveCfg = Release|Any CPU
		{90538762-8218-4610-84AA-27273EA418F9}.Release|iPhoneSimulator.Build.0 = Release|Any CPU
		{90538762-8218-4610-84AA-27273EA418F9}.Debug|iPhone.ActiveCfg = Debug|Any CPU
		{90538762-8218-4610-84AA-27273EA418F9}.Debug|iPhone.Build.0 = Debug|Any CPU
	EndGlobalSection
EndGlobal
